
Microsoft Visual Studio Solution File, Format Version 12.00
# Visual Studio Version 16
VisualStudioVersion = 16.0.34031.81
MinimumVisualStudioVersion = 10.0.40219.1
Project("{FAE04EC0-301F-11D3-BF4B-00C04F79EFBC}") = "TaskAssignment", "TaskAssignment.csproj", "{4E2A597E-DF4E-4356-9753-26AA140EE201}"
EndProject
Global
	GlobalSection(SolutionConfigurationPlatforms) = preSolution
		Debug|Any CPU = Debug|Any CPU
		Release|Any CPU = Release|Any CPU
	EndGlobalSection
	GlobalSection(ProjectConfigurationPlatforms) = postSolution
		{4E2A597E-DF4E-4356-9753-26AA140EE201}.Debug|Any CPU.ActiveCfg = Debug|Any CPU
		{4E2A597E-DF4E-4356-9753-26AA140EE201}.Debug|Any CPU.Build.0 = Debug|Any CPU
		{4E2A597E-DF4E-4356-9753-26AA140EE201}.Release|Any CPU.ActiveCfg = Release|Any CPU
		{4E2A597E-DF4E-4356-9753-26AA140EE201}.Release|Any CPU.Build.0 = Release|Any CPU
	EndGlobalSection
	GlobalSection(SolutionProperties) = preSolution
		HideSolutionNode = FALSE
	EndGlobalSection
	GlobalSection(ExtensibilityGlobals) = postSolution
		SolutionGuid = {F7495A48-2FE5-4B64-90F3-F36EEDD93744}
	EndGlobalSection
EndGlobal
